
Microsoft Visual Studio Solution File, Format Version 12.00
# Visual Studio 14
VisualStudioVersion = 14.0.25420.1
MinimumVisualStudioVersion = 10.0.40219.1
Project("{159641D6-6404-4A2A-AE62-294DE0FE8301}") = "ECM.FS", "ECM.FS\ECM.FS.dtproj", "{7ABDEE45-FC6F-47DE-9CF0-C35A6062D286}"
EndProject
Global
	GlobalSection(SolutionConfigurationPlatforms) = preSolution
		Development|Default = Development|Default
	EndGlobalSection
	GlobalSection(ProjectConfigurationPlatforms) = postSolution
		{7ABDEE45-FC6F-47DE-9CF0-C35A6062D286}.Development|Default.ActiveCfg = Development
		{7ABDEE45-FC6F-47DE-9CF0-C35A6062D286}.Development|Default.Build.0 = Development
	EndGlobalSection
	GlobalSection(SolutionProperties) = preSolution
		HideSolutionNode = FALSE
	EndGlobalSection
EndGlobal
