
Microsoft Visual Studio Solution File, Format Version 12.00
# Visual Studio 15
VisualStudioVersion = 15.0.27428.2011
MinimumVisualStudioVersion = 10.0.40219.1
Project("{FAE04EC0-301F-11D3-BF4B-00C04F79EFBC}") = "EcmSecureAttachWCF2", "EcmSecureAttachWCF2.csproj", "{C37F95FE-811F-444B-8A7A-DF216531D376}"
EndProject
Global
	GlobalSection(SolutionConfigurationPlatforms) = preSolution
		Debug|Any CPU = Debug|Any CPU
		Release|Any CPU = Release|Any CPU
	EndGlobalSection
	GlobalSection(ProjectConfigurationPlatforms) = postSolution
		{C37F95FE-811F-444B-8A7A-DF216531D376}.Debug|Any CPU.ActiveCfg = Debug|Any CPU
		{C37F95FE-811F-444B-8A7A-DF216531D376}.Debug|Any CPU.Build.0 = Debug|Any CPU
		{C37F95FE-811F-444B-8A7A-DF216531D376}.Release|Any CPU.ActiveCfg = Release|Any CPU
		{C37F95FE-811F-444B-8A7A-DF216531D376}.Release|Any CPU.Build.0 = Release|Any CPU
	EndGlobalSection
	GlobalSection(SolutionProperties) = preSolution
		HideSolutionNode = FALSE
	EndGlobalSection
	GlobalSection(ExtensibilityGlobals) = postSolution
		SolutionGuid = {4FAD0872-4995-43CF-AD93-0E524A354614}
	EndGlobalSection
EndGlobal
