
Microsoft Visual Studio Solution File, Format Version 12.00
# Visual Studio 15
VisualStudioVersion = 15.0.28307.421
MinimumVisualStudioVersion = 10.0.40219.1
Project("{159641D6-6404-4A2A-AE62-294DE0FE8301}") = "ToolBeltPull", "ToolBeltPull\ToolBeltPull.dtproj", "{2B06F99B-2C13-4DF0-B7A5-852936F04024}"
EndProject
Global
	GlobalSection(SolutionConfigurationPlatforms) = preSolution
		Development|Default = Development|Default
	EndGlobalSection
	GlobalSection(ProjectConfigurationPlatforms) = postSolution
		{2B06F99B-2C13-4DF0-B7A5-852936F04024}.Development|Default.ActiveCfg = Development
		{2B06F99B-2C13-4DF0-B7A5-852936F04024}.Development|Default.Build.0 = Development
	EndGlobalSection
	GlobalSection(SolutionProperties) = preSolution
		HideSolutionNode = FALSE
	EndGlobalSection
	GlobalSection(ExtensibilityGlobals) = postSolution
		SolutionGuid = {CCDDD9C4-32DB-4183-8FB6-678535EC875A}
	EndGlobalSection
EndGlobal
