
Microsoft Visual Studio Solution File, Format Version 12.00
# Visual Studio 15
VisualStudioVersion = 15.0.28307.1169
MinimumVisualStudioVersion = 10.0.40219.1
Project("{F184B08F-C81C-45F6-A57F-5ABD9991F28F}") = "Archiver", "Archiver.vbproj", "{F8B9506C-38E5-46F9-B581-830A25E94141}"
	ProjectSection(ProjectDependencies) = postProject
		{BA55562A-AA6E-4C21-9FFA-AC9CA8FE08D2} = {BA55562A-AA6E-4C21-9FFA-AC9CA8FE08D2}
	EndProjectSection
EndProject
Project("{FAE04EC0-301F-11D3-BF4B-00C04F79EFBC}") = "ENC", "..\ENC\ENC\ENC.csproj", "{BA55562A-AA6E-4C21-9FFA-AC9CA8FE08D2}"
EndProject
Project("{FAE04EC0-301F-11D3-BF4B-00C04F79EFBC}") = "DIrListen", "..\DirListen\DIrListen\DIrListen.csproj", "{9DD8AD23-1EA2-43F8-8355-48BDCFDB6D49}"
EndProject
Global
	GlobalSection(SolutionConfigurationPlatforms) = preSolution
		All|Any CPU = All|Any CPU
		All|x86 = All|x86
		Debug|Any CPU = Debug|Any CPU
		Debug|x86 = Debug|x86
		Release|Any CPU = Release|Any CPU
		Release|x86 = Release|x86
	EndGlobalSection
	GlobalSection(ProjectConfigurationPlatforms) = postSolution
		{F8B9506C-38E5-46F9-B581-830A25E94141}.All|Any CPU.ActiveCfg = Release|Any CPU
		{F8B9506C-38E5-46F9-B581-830A25E94141}.All|Any CPU.Build.0 = Release|Any CPU
		{F8B9506C-38E5-46F9-B581-830A25E94141}.All|x86.ActiveCfg = Release|x86
		{F8B9506C-38E5-46F9-B581-830A25E94141}.All|x86.Build.0 = Release|x86
		{F8B9506C-38E5-46F9-B581-830A25E94141}.Debug|Any CPU.ActiveCfg = Debug|Any CPU
		{F8B9506C-38E5-46F9-B581-830A25E94141}.Debug|Any CPU.Build.0 = Debug|Any CPU
		{F8B9506C-38E5-46F9-B581-830A25E94141}.Debug|x86.ActiveCfg = Debug|x86
		{F8B9506C-38E5-46F9-B581-830A25E94141}.Debug|x86.Build.0 = Debug|x86
		{F8B9506C-38E5-46F9-B581-830A25E94141}.Release|Any CPU.ActiveCfg = Release|Any CPU
		{F8B9506C-38E5-46F9-B581-830A25E94141}.Release|Any CPU.Build.0 = Release|Any CPU
		{F8B9506C-38E5-46F9-B581-830A25E94141}.Release|x86.ActiveCfg = Release|x86
		{F8B9506C-38E5-46F9-B581-830A25E94141}.Release|x86.Build.0 = Release|x86
		{BA55562A-AA6E-4C21-9FFA-AC9CA8FE08D2}.All|Any CPU.ActiveCfg = Release|Any CPU
		{BA55562A-AA6E-4C21-9FFA-AC9CA8FE08D2}.All|Any CPU.Build.0 = Release|Any CPU
		{BA55562A-AA6E-4C21-9FFA-AC9CA8FE08D2}.All|x86.ActiveCfg = Release|Any CPU
		{BA55562A-AA6E-4C21-9FFA-AC9CA8FE08D2}.All|x86.Build.0 = Release|Any CPU
		{BA55562A-AA6E-4C21-9FFA-AC9CA8FE08D2}.Debug|Any CPU.ActiveCfg = Debug|Any CPU
		{BA55562A-AA6E-4C21-9FFA-AC9CA8FE08D2}.Debug|Any CPU.Build.0 = Debug|Any CPU
		{BA55562A-AA6E-4C21-9FFA-AC9CA8FE08D2}.Debug|x86.ActiveCfg = Debug|Any CPU
		{BA55562A-AA6E-4C21-9FFA-AC9CA8FE08D2}.Debug|x86.Build.0 = Debug|Any CPU
		{BA55562A-AA6E-4C21-9FFA-AC9CA8FE08D2}.Release|Any CPU.ActiveCfg = Release|Any CPU
		{BA55562A-AA6E-4C21-9FFA-AC9CA8FE08D2}.Release|Any CPU.Build.0 = Release|Any CPU
		{BA55562A-AA6E-4C21-9FFA-AC9CA8FE08D2}.Release|x86.ActiveCfg = Release|Any CPU
		{BA55562A-AA6E-4C21-9FFA-AC9CA8FE08D2}.Release|x86.Build.0 = Release|Any CPU
		{9DD8AD23-1EA2-43F8-8355-48BDCFDB6D49}.All|Any CPU.ActiveCfg = Release|Any CPU
		{9DD8AD23-1EA2-43F8-8355-48BDCFDB6D49}.All|Any CPU.Build.0 = Release|Any CPU
		{9DD8AD23-1EA2-43F8-8355-48BDCFDB6D49}.All|x86.ActiveCfg = Release|Any CPU
		{9DD8AD23-1EA2-43F8-8355-48BDCFDB6D49}.All|x86.Build.0 = Release|Any CPU
		{9DD8AD23-1EA2-43F8-8355-48BDCFDB6D49}.Debug|Any CPU.ActiveCfg = Debug|Any CPU
		{9DD8AD23-1EA2-43F8-8355-48BDCFDB6D49}.Debug|Any CPU.Build.0 = Debug|Any CPU
		{9DD8AD23-1EA2-43F8-8355-48BDCFDB6D49}.Debug|x86.ActiveCfg = Debug|Any CPU
		{9DD8AD23-1EA2-43F8-8355-48BDCFDB6D49}.Debug|x86.Build.0 = Debug|Any CPU
		{9DD8AD23-1EA2-43F8-8355-48BDCFDB6D49}.Release|Any CPU.ActiveCfg = Release|Any CPU
		{9DD8AD23-1EA2-43F8-8355-48BDCFDB6D49}.Release|Any CPU.Build.0 = Release|Any CPU
		{9DD8AD23-1EA2-43F8-8355-48BDCFDB6D49}.Release|x86.ActiveCfg = Release|Any CPU
		{9DD8AD23-1EA2-43F8-8355-48BDCFDB6D49}.Release|x86.Build.0 = Release|Any CPU
	EndGlobalSection
	GlobalSection(SolutionProperties) = preSolution
		HideSolutionNode = FALSE
	EndGlobalSection
	GlobalSection(ExtensibilityGlobals) = postSolution
		SolutionGuid = {42E5E395-709E-4C0A-ADF1-4B5E13D6CD6F}
	EndGlobalSection
EndGlobal
