
Microsoft Visual Studio Solution File, Format Version 12.00
# Visual Studio 14
VisualStudioVersion = 14.0.25420.1
MinimumVisualStudioVersion = 10.0.40219.1
Project("{F184B08F-C81C-45F6-A57F-5ABD9991F28F}") = "ECMSecureAttachWF", "ECMSecureAttachWF\ECMSecureAttachWF.vbproj", "{3B448003-D6A6-4354-9823-4AB864942D0E}"
	ProjectSection(ProjectDependencies) = postProject
		{3A5DF5A3-C2CB-46C4-A8F4-BC0A01456722} = {3A5DF5A3-C2CB-46C4-A8F4-BC0A01456722}
	EndProjectSection
EndProject
Project("{F184B08F-C81C-45F6-A57F-5ABD9991F28F}") = "EcmSecureAttachWCF2", "..\SecureSVC\EcmSecureAttachWCF2.vbproj", "{C37F95FE-811F-444B-8A7A-DF216531D376}"
EndProject
Project("{F184B08F-C81C-45F6-A57F-5ABD9991F28F}") = "SearchSVC", "..\SearchSVC\SearchSVC.vbproj", "{3A5DF5A3-C2CB-46C4-A8F4-BC0A01456722}"
EndProject
Global
	GlobalSection(SolutionConfigurationPlatforms) = preSolution
		CD_ROM|Any CPU = CD_ROM|Any CPU
		Debug|Any CPU = Debug|Any CPU
		DVD-5|Any CPU = DVD-5|Any CPU
		Release|Any CPU = Release|Any CPU
		SingleImage|Any CPU = SingleImage|Any CPU
	EndGlobalSection
	GlobalSection(ProjectConfigurationPlatforms) = postSolution
		{3B448003-D6A6-4354-9823-4AB864942D0E}.CD_ROM|Any CPU.ActiveCfg = Release|Any CPU
		{3B448003-D6A6-4354-9823-4AB864942D0E}.CD_ROM|Any CPU.Build.0 = Release|Any CPU
		{3B448003-D6A6-4354-9823-4AB864942D0E}.Debug|Any CPU.ActiveCfg = Debug|Any CPU
		{3B448003-D6A6-4354-9823-4AB864942D0E}.Debug|Any CPU.Build.0 = Debug|Any CPU
		{3B448003-D6A6-4354-9823-4AB864942D0E}.DVD-5|Any CPU.ActiveCfg = Debug|Any CPU
		{3B448003-D6A6-4354-9823-4AB864942D0E}.DVD-5|Any CPU.Build.0 = Debug|Any CPU
		{3B448003-D6A6-4354-9823-4AB864942D0E}.Release|Any CPU.ActiveCfg = Release|Any CPU
		{3B448003-D6A6-4354-9823-4AB864942D0E}.Release|Any CPU.Build.0 = Release|Any CPU
		{3B448003-D6A6-4354-9823-4AB864942D0E}.SingleImage|Any CPU.ActiveCfg = Release|Any CPU
		{3B448003-D6A6-4354-9823-4AB864942D0E}.SingleImage|Any CPU.Build.0 = Release|Any CPU
		{C37F95FE-811F-444B-8A7A-DF216531D376}.CD_ROM|Any CPU.ActiveCfg = Release|Any CPU
		{C37F95FE-811F-444B-8A7A-DF216531D376}.CD_ROM|Any CPU.Build.0 = Release|Any CPU
		{C37F95FE-811F-444B-8A7A-DF216531D376}.Debug|Any CPU.ActiveCfg = Debug|Any CPU
		{C37F95FE-811F-444B-8A7A-DF216531D376}.Debug|Any CPU.Build.0 = Debug|Any CPU
		{C37F95FE-811F-444B-8A7A-DF216531D376}.DVD-5|Any CPU.ActiveCfg = Debug|Any CPU
		{C37F95FE-811F-444B-8A7A-DF216531D376}.DVD-5|Any CPU.Build.0 = Debug|Any CPU
		{C37F95FE-811F-444B-8A7A-DF216531D376}.Release|Any CPU.ActiveCfg = Release|Any CPU
		{C37F95FE-811F-444B-8A7A-DF216531D376}.Release|Any CPU.Build.0 = Release|Any CPU
		{C37F95FE-811F-444B-8A7A-DF216531D376}.SingleImage|Any CPU.ActiveCfg = Release|Any CPU
		{C37F95FE-811F-444B-8A7A-DF216531D376}.SingleImage|Any CPU.Build.0 = Release|Any CPU
		{3A5DF5A3-C2CB-46C4-A8F4-BC0A01456722}.CD_ROM|Any CPU.ActiveCfg = Release|Any CPU
		{3A5DF5A3-C2CB-46C4-A8F4-BC0A01456722}.CD_ROM|Any CPU.Build.0 = Release|Any CPU
		{3A5DF5A3-C2CB-46C4-A8F4-BC0A01456722}.Debug|Any CPU.ActiveCfg = Debug|Any CPU
		{3A5DF5A3-C2CB-46C4-A8F4-BC0A01456722}.Debug|Any CPU.Build.0 = Debug|Any CPU
		{3A5DF5A3-C2CB-46C4-A8F4-BC0A01456722}.DVD-5|Any CPU.ActiveCfg = Debug|Any CPU
		{3A5DF5A3-C2CB-46C4-A8F4-BC0A01456722}.DVD-5|Any CPU.Build.0 = Debug|Any CPU
		{3A5DF5A3-C2CB-46C4-A8F4-BC0A01456722}.Release|Any CPU.ActiveCfg = Release|Any CPU
		{3A5DF5A3-C2CB-46C4-A8F4-BC0A01456722}.Release|Any CPU.Build.0 = Release|Any CPU
		{3A5DF5A3-C2CB-46C4-A8F4-BC0A01456722}.SingleImage|Any CPU.ActiveCfg = Release|Any CPU
		{3A5DF5A3-C2CB-46C4-A8F4-BC0A01456722}.SingleImage|Any CPU.Build.0 = Release|Any CPU
	EndGlobalSection
	GlobalSection(SolutionProperties) = preSolution
		HideSolutionNode = FALSE
	EndGlobalSection
	GlobalSection(ExtensibilityGlobals) = postSolution
		SolutionGuid = {6D8822D5-4D25-4EFE-8A61-CF8982AEEF34}
	EndGlobalSection
EndGlobal
